
Microsoft Visual Studio Solution File, Format Version 12.00
# Visual Studio Version 17
VisualStudioVersion = 17.10.35013.160
MinimumVisualStudioVersion = 10.0.40219.1
Project("{FAE04EC0-301F-11D3-BF4B-00C04F79EFBC}") = "ViewComponentsExample", "ViewComponentsExample\ViewComponentsExample.csproj", "{5775AE54-CBA7-45B1-8C0B-38E456F1E235}"
EndProject
Global
	GlobalSection(SolutionConfigurationPlatforms) = preSolution
		Debug|Any CPU = Debug|Any CPU
		Release|Any CPU = Release|Any CPU
	EndGlobalSection
	GlobalSection(ProjectConfigurationPlatforms) = postSolution
		{5775AE54-CBA7-45B1-8C0B-38E456F1E235}.Debug|Any CPU.ActiveCfg = Debug|Any CPU
		{5775AE54-CBA7-45B1-8C0B-38E456F1E235}.Debug|Any CPU.Build.0 = Debug|Any CPU
		{5775AE54-CBA7-45B1-8C0B-38E456F1E235}.Release|Any CPU.ActiveCfg = Release|Any CPU
		{5775AE54-CBA7-45B1-8C0B-38E456F1E235}.Release|Any CPU.Build.0 = Release|Any CPU
	EndGlobalSection
	GlobalSection(SolutionProperties) = preSolution
		HideSolutionNode = FALSE
	EndGlobalSection
	GlobalSection(ExtensibilityGlobals) = postSolution
		SolutionGuid = {DD10145F-A498-4F4F-96C0-1DC6AA57E562}
	EndGlobalSection
EndGlobal
